// !$*UTF8*$!
{
	archiveVersion = 1;
	classes = {
	};
	objectVersion = 55;
	objects = {

/* Begin PBXBuildFile section */
		781149782885C7E200AA7958 /* FirebaseFirestore in Frameworks */ = {isa = PBXBuildFile; productRef = 781149772885C7E200AA7958 /* FirebaseFirestore */; };
		7811989F2882E7F40074750C /* AppDelegate.swift in Sources */ = {isa = PBXBuildFile; fileRef = 7811989E2882E7F40074750C /* AppDelegate.swift */; };
		781198A12882E7F40074750C /* SceneDelegate.swift in Sources */ = {isa = PBXBuildFile; fileRef = 781198A02882E7F40074750C /* SceneDelegate.swift */; };
		781198A32882E7F40074750C /* ViewController.swift in Sources */ = {isa = PBXBuildFile; fileRef = 781198A22882E7F40074750C /* ViewController.swift */; };
		781198A62882E7F40074750C /* Main.storyboard in Resources */ = {isa = PBXBuildFile; fileRef = 781198A42882E7F40074750C /* Main.storyboard */; };
		781198A82882E7F50074750C /* Assets.xcassets in Resources */ = {isa = PBXBuildFile; fileRef = 781198A72882E7F50074750C /* Assets.xcassets */; };
		781198AB2882E7F50074750C /* LaunchScreen.storyboard in Resources */ = {isa = PBXBuildFile; fileRef = 781198A92882E7F50074750C /* LaunchScreen.storyboard */; };
		781198B62882E8C70074750C /* FirebaseDatabase in Frameworks */ = {isa = PBXBuildFile; productRef = 781198B52882E8C70074750C /* FirebaseDatabase */; };
		781198B82882E8C70074750C /* FirebaseDatabaseSwift in Frameworks */ = {isa = PBXBuildFile; productRef = 781198B72882E8C70074750C /* FirebaseDatabaseSwift */; };
		781198BA2882E8C70074750C /* FirebaseFirestore in Frameworks */ = {isa = PBXBuildFile; productRef = 781198B92882E8C70074750C /* FirebaseFirestore */; };
		781198BC2882E8C70074750C /* FirebaseFirestoreSwift in Frameworks */ = {isa = PBXBuildFile; productRef = 781198BB2882E8C70074750C /* FirebaseFirestoreSwift */; };
		781198BF2882E8FA0074750C /* FirebaseAnalytics in Frameworks */ = {isa = PBXBuildFile; productRef = 781198BE2882E8FA0074750C /* FirebaseAnalytics */; };
		781198C12882E8FA0074750C /* FirebaseAnalyticsOnDeviceConversion in Frameworks */ = {isa = PBXBuildFile; productRef = 781198C02882E8FA0074750C /* FirebaseAnalyticsOnDeviceConversion */; };
		781198C32882E8FA0074750C /* FirebaseAnalyticsSwift in Frameworks */ = {isa = PBXBuildFile; productRef = 781198C22882E8FA0074750C /* FirebaseAnalyticsSwift */; };
/* End PBXBuildFile section */

/* Begin PBXFileReference section */
		7811989B2882E7F40074750C /* firestore.app */ = {isa = PBXFileReference; explicitFileType = wrapper.application; includeInIndex = 0; path = firestore.app; sourceTree = BUILT_PRODUCTS_DIR; };
		7811989E2882E7F40074750C /* AppDelegate.swift */ = {isa = PBXFileReference; lastKnownFileType = sourcecode.swift; path = AppDelegate.swift; sourceTree = "<group>"; };
		781198A02882E7F40074750C /* SceneDelegate.swift */ = {isa = PBXFileReference; lastKnownFileType = sourcecode.swift; path = SceneDelegate.swift; sourceTree = "<group>"; };
		781198A22882E7F40074750C /* ViewController.swift */ = {isa = PBXFileReference; lastKnownFileType = sourcecode.swift; path = ViewController.swift; sourceTree = "<group>"; };
		781198A52882E7F40074750C /* Base */ = {isa = PBXFileReference; lastKnownFileType = file.storyboard; name = Base; path = Base.lproj/Main.storyboard; sourceTree = "<group>"; };
		781198A72882E7F50074750C /* Assets.xcassets */ = {isa = PBXFileReference; lastKnownFileType = folder.assetcatalog; path = Assets.xcassets; sourceTree = "<group>"; };
		781198AA2882E7F50074750C /* Base */ = {isa = PBXFileReference; lastKnownFileType = file.storyboard; name = Base; path = Base.lproj/LaunchScreen.storyboard; sourceTree = "<group>"; };
		781198AC2882E7F50074750C /* Info.plist */ = {isa = PBXFileReference; lastKnownFileType = text.plist.xml; path = Info.plist; sourceTree = "<group>"; };
/* End PBXFileReference section */

/* Begin PBXFrameworksBuildPhase section */
		781198982882E7F40074750C /* Frameworks */ = {
			isa = PBXFrameworksBuildPhase;
			buildActionMask = 2147483647;
			files = (
				781198B82882E8C70074750C /* FirebaseDatabaseSwift in Frameworks */,
				781198C12882E8FA0074750C /* FirebaseAnalyticsOnDeviceConversion in Frameworks */,
				781198B62882E8C70074750C /* FirebaseDatabase in Frameworks */,
				781198BA2882E8C70074750C /* FirebaseFirestore in Frameworks */,
				781198C32882E8FA0074750C /* FirebaseAnalyticsSwift in Frameworks */,
				781149782885C7E200AA7958 /* FirebaseFirestore in Frameworks */,
				781198BF2882E8FA0074750C /* FirebaseAnalytics in Frameworks */,
				781198BC2882E8C70074750C /* FirebaseFirestoreSwift in Frameworks */,
			);
			runOnlyForDeploymentPostprocessing = 0;
		};
/* End PBXFrameworksBuildPhase section */

/* Begin PBXGroup section */
		781198922882E7F40074750C = {
			isa = PBXGroup;
			children = (
				7811989D2882E7F40074750C /* firestore */,
				7811989C2882E7F40074750C /* Products */,
			);
			sourceTree = "<group>";
		};
		7811989C2882E7F40074750C /* Products */ = {
			isa = PBXGroup;
			children = (
				7811989B2882E7F40074750C /* firestore.app */,
			);
			name = Products;
			sourceTree = "<group>";
		};
		7811989D2882E7F40074750C /* firestore */ = {
			isa = PBXGroup;
			children = (
				7811989E2882E7F40074750C /* AppDelegate.swift */,
				781198A02882E7F40074750C /* SceneDelegate.swift */,
				781198A22882E7F40074750C /* ViewController.swift */,
				781198A72882E7F50074750C /* Assets.xcassets */,
				781198A42882E7F40074750C /* Main.storyboard */,
				781198A92882E7F50074750C /* LaunchScreen.storyboard */,
				781198AC2882E7F50074750C /* Info.plist */,
			);
			path = firestore;
			sourceTree = "<group>";
		};
/* End PBXGroup section */

/* Begin PBXNativeTarget section */
		7811989A2882E7F40074750C /* firestore */ = {
			isa = PBXNativeTarget;
			buildConfigurationList = 781198AF2882E7F50074750C /* Build configuration list for PBXNativeTarget "firestore" */;
			buildPhases = (
				781198972882E7F40074750C /* Sources */,
				781198982882E7F40074750C /* Frameworks */,
				781198992882E7F40074750C /* Resources */,
			);
			buildRules = (
			);
			dependencies = (
			);
			name = firestore;
			packageProductDependencies = (
				781198B52882E8C70074750C /* FirebaseDatabase */,
				781198B72882E8C70074750C /* FirebaseDatabaseSwift */,
				781198B92882E8C70074750C /* FirebaseFirestore */,
				781198BB2882E8C70074750C /* FirebaseFirestoreSwift */,
				781198BE2882E8FA0074750C /* FirebaseAnalytics */,
				781198C02882E8FA0074750C /* FirebaseAnalyticsOnDeviceConversion */,
				781198C22882E8FA0074750C /* FirebaseAnalyticsSwift */,
				781149772885C7E200AA7958 /* FirebaseFirestore */,
			);
			productName = firestore;
			productReference = 7811989B2882E7F40074750C /* firestore.app */;
			productType = "com.apple.product-type.application";
		};
/* End PBXNativeTarget section */

/* Begin PBXProject section */
		781198932882E7F40074750C /* Project object */ = {
			isa = PBXProject;
			attributes = {
				BuildIndependentTargetsInParallel = 1;
				LastSwiftUpdateCheck = 1340;
				LastUpgradeCheck = 1340;
				TargetAttributes = {
					7811989A2882E7F40074750C = {
						CreatedOnToolsVersion = 13.4.1;
					};
				};
			};
			buildConfigurationList = 781198962882E7F40074750C /* Build configuration list for PBXProject "firestore" */;
			compatibilityVersion = "Xcode 13.0";
			developmentRegion = en;
			hasScannedForEncodings = 0;
			knownRegions = (
				en,
				Base,
			);
			mainGroup = 781198922882E7F40074750C;
			packageReferences = (
				781198B42882E8C60074750C /* XCRemoteSwiftPackageReference "firebase-ios-sdk" */,
				781198BD2882E8FA0074750C /* XCRemoteSwiftPackageReference "firebase-ios-sdk" */,
				78114932288588D000AA7958 /* XCRemoteSwiftPackageReference "firebase-ios-sdk" */,
				78114933288588F400AA7958 /* XCRemoteSwiftPackageReference "firebase-ios-sdk" */,
				781149762885C7E200AA7958 /* XCRemoteSwiftPackageReference "firebase-ios-sdk" */,
			);
			productRefGroup = 7811989C2882E7F40074750C /* Products */;
			projectDirPath = "";
			projectRoot = "";
			targets = (
				7811989A2882E7F40074750C /* firestore */,
			);
		};
/* End PBXProject section */

/* Begin PBXResourcesBuildPhase section */
		781198992882E7F40074750C /* Resources */ = {
			isa = PBXResourcesBuildPhase;
			buildActionMask = 2147483647;
			files = (
				781198AB2882E7F50074750C /* LaunchScreen.storyboard in Resources */,
				781198A82882E7F50074750C /* Assets.xcassets in Resources */,
				781198A62882E7F40074750C /* Main.storyboard in Resources */,
			);
			runOnlyForDeploymentPostprocessing = 0;
		};
/* End PBXResourcesBuildPhase section */

/* Begin PBXSourcesBuildPhase section */
		781198972882E7F40074750C /* Sources */ = {
			isa = PBXSourcesBuildPhase;
			buildActionMask = 2147483647;
			files = (
				781198A32882E7F40074750C /* ViewController.swift in Sources */,
				7811989F2882E7F40074750C /* AppDelegate.swift in Sources */,
				781198A12882E7F40074750C /* SceneDelegate.swift in Sources */,
			);
			runOnlyForDeploymentPostprocessing = 0;
		};
/* End PBXSourcesBuildPhase section */

/* Begin PBXVariantGroup section */
		781198A42882E7F40074750C /* Main.storyboard */ = {
			isa = PBXVariantGroup;
			children = (
				781198A52882E7F40074750C /* Base */,
			);
			name = Main.storyboard;
			sourceTree = "<group>";
		};
		781198A92882E7F50074750C /* LaunchScreen.storyboard */ = {
			isa = PBXVariantGroup;
			children = (
				781198AA2882E7F50074750C /* Base */,
			);
			name = LaunchScreen.storyboard;
			sourceTree = "<group>";
		};
/* End PBXVariantGroup section */

/* Begin XCBuildConfiguration section */
		781198AD2882E7F50074750C /* Debug */ = {
			isa = XCBuildConfiguration;
			buildSettings = {
				ALWAYS_SEARCH_USER_PATHS = NO;
				CLANG_ANALYZER_NONNULL = YES;
				CLANG_ANALYZER_NUMBER_OBJECT_CONVERSION = YES_AGGRESSIVE;
				CLANG_CXX_LANGUAGE_STANDARD = "gnu++17";
				CLANG_ENABLE_MODULES = YES;
				CLANG_ENABLE_OBJC_ARC = YES;
				CLANG_ENABLE_OBJC_WEAK = YES;
				CLANG_WARN_BLOCK_CAPTURE_AUTORELEASING = YES;
				CLANG_WARN_BOOL_CONVERSION = YES;
				CLANG_WARN_COMMA = YES;
				CLANG_WARN_CONSTANT_CONVERSION = YES;
				CLANG_WARN_DEPRECATED_OBJC_IMPLEMENTATIONS = YES;
				CLANG_WARN_DIRECT_OBJC_ISA_USAGE = YES_ERROR;
				CLANG_WARN_DOCUMENTATION_COMMENTS = YES;
				CLANG_WARN_EMPTY_BODY = YES;
				CLANG_WARN_ENUM_CONVERSION = YES;
				CLANG_WARN_INFINITE_RECURSION = YES;
				CLANG_WARN_INT_CONVERSION = YES;
				CLANG_WARN_NON_LITERAL_NULL_CONVERSION = YES;
				CLANG_WARN_OBJC_IMPLICIT_RETAIN_SELF = YES;
				CLANG_WARN_OBJC_LITERAL_CONVERSION = YES;
				CLANG_WARN_OBJC_ROOT_CLASS = YES_ERROR;
				CLANG_WARN_QUOTED_INCLUDE_IN_FRAMEWORK_HEADER = YES;
				CLANG_WARN_RANGE_LOOP_ANALYSIS = YES;
				CLANG_WARN_STRICT_PROTOTYPES = YES;
				CLANG_WARN_SUSPICIOUS_MOVE = YES;
				CLANG_WARN_UNGUARDED_AVAILABILITY = YES_AGGRESSIVE;
				CLANG_WARN_UNREACHABLE_CODE = YES;
				CLANG_WARN__DUPLICATE_METHOD_MATCH = YES;
				COPY_PHASE_STRIP = NO;
				DEBUG_INFORMATION_FORMAT = dwarf;
				ENABLE_STRICT_OBJC_MSGSEND = YES;
				ENABLE_TESTABILITY = YES;
				GCC_C_LANGUAGE_STANDARD = gnu11;
				GCC_DYNAMIC_NO_PIC = NO;
				GCC_NO_COMMON_BLOCKS = YES;
				GCC_OPTIMIZATION_LEVEL = 0;
				GCC_PREPROCESSOR_DEFINITIONS = (
					"DEBUG=1",
					"$(inherited)",
				);
				GCC_WARN_64_TO_32_BIT_CONVERSION = YES;
				GCC_WARN_ABOUT_RETURN_TYPE = YES_ERROR;
				GCC_WARN_UNDECLARED_SELECTOR = YES;
				GCC_WARN_UNINITIALIZED_AUTOS = YES_AGGRESSIVE;
				GCC_WARN_UNUSED_FUNCTION = YES;
				GCC_WARN_UNUSED_VARIABLE = YES;
				IPHONEOS_DEPLOYMENT_TARGET = 15.5;
				MTL_ENABLE_DEBUG_INFO = INCLUDE_SOURCE;
				MTL_FAST_MATH = YES;
				ONLY_ACTIVE_ARCH = YES;
				SDKROOT = iphoneos;
				SWIFT_ACTIVE_COMPILATION_CONDITIONS = DEBUG;
				SWIFT_OPTIMIZATION_LEVEL = "-Onone";
			};
			name = Debug;
		};
		781198AE2882E7F50074750C /* Release */ = {
			isa = XCBuildConfiguration;
			buildSettings = {
				ALWAYS_SEARCH_USER_PATHS = NO;
				CLANG_ANALYZER_NONNULL = YES;
				CLANG_ANALYZER_NUMBER_OBJECT_CONVERSION = YES_AGGRESSIVE;
				CLANG_CXX_LANGUAGE_STANDARD = "gnu++17";
				CLANG_ENABLE_MODULES = YES;
				CLANG_ENABLE_OBJC_ARC = YES;
				CLANG_ENABLE_OBJC_WEAK = YES;
				CLANG_WARN_BLOCK_CAPTURE_AUTORELEASING = YES;
				CLANG_WARN_BOOL_CONVERSION = YES;
				CLANG_WARN_COMMA = YES;
				CLANG_WARN_CONSTANT_CONVERSION = YES;
				CLANG_WARN_DEPRECATED_OBJC_IMPLEMENTATIONS = YES;
				CLANG_WARN_DIRECT_OBJC_ISA_USAGE = YES_ERROR;
				CLANG_WARN_DOCUMENTATION_COMMENTS = YES;
				CLANG_WARN_EMPTY_BODY = YES;
				CLANG_WARN_ENUM_CONVERSION = YES;
				CLANG_WARN_INFINITE_RECURSION = YES;
				CLANG_WARN_INT_CONVERSION = YES;
				CLANG_WARN_NON_LITERAL_NULL_CONVERSION = YES;
				CLANG_WARN_OBJC_IMPLICIT_RETAIN_SELF = YES;
				CLANG_WARN_OBJC_LITERAL_CONVERSION = YES;
				CLANG_WARN_OBJC_ROOT_CLASS = YES_ERROR;
				CLANG_WARN_QUOTED_INCLUDE_IN_FRAMEWORK_HEADER = YES;
				CLANG_WARN_RANGE_LOOP_ANALYSIS = YES;
				CLANG_WARN_STRICT_PROTOTYPES = YES;
				CLANG_WARN_SUSPICIOUS_MOVE = YES;
				CLANG_WARN_UNGUARDED_AVAILABILITY = YES_AGGRESSIVE;
				CLANG_WARN_UNREACHABLE_CODE = YES;
				CLANG_WARN__DUPLICATE_METHOD_MATCH = YES;
				COPY_PHASE_STRIP = NO;
				DEBUG_INFORMATION_FORMAT = "dwarf-with-dsym";
				ENABLE_NS_ASSERTIONS = NO;
				ENABLE_STRICT_OBJC_MSGSEND = YES;
				GCC_C_LANGUAGE_STANDARD = gnu11;
				GCC_NO_COMMON_BLOCKS = YES;
				GCC_WARN_64_TO_32_BIT_CONVERSION = YES;
				GCC_WARN_ABOUT_RETURN_TYPE = YES_ERROR;
				GCC_WARN_UNDECLARED_SELECTOR = YES;
				GCC_WARN_UNINITIALIZED_AUTOS = YES_AGGRESSIVE;
				GCC_WARN_UNUSED_FUNCTION = YES;
				GCC_WARN_UNUSED_VARIABLE = YES;
				IPHONEOS_DEPLOYMENT_TARGET = 15.5;
				MTL_ENABLE_DEBUG_INFO = NO;
				MTL_FAST_MATH = YES;
				SDKROOT = iphoneos;
				SWIFT_COMPILATION_MODE = wholemodule;
				SWIFT_OPTIMIZATION_LEVEL = "-O";
				VALIDATE_PRODUCT = YES;
			};
			name = Release;
		};
		781198B02882E7F50074750C /* Debug */ = {
			isa = XCBuildConfiguration;
			buildSettings = {
				ASSETCATALOG_COMPILER_APPICON_NAME = AppIcon;
				ASSETCATALOG_COMPILER_GLOBAL_ACCENT_COLOR_NAME = AccentColor;
				CODE_SIGN_STYLE = Automatic;
				CURRENT_PROJECT_VERSION = 1;
				DEVELOPMENT_TEAM = D2DRA3F792;
				GENERATE_INFOPLIST_FILE = YES;
				INFOPLIST_FILE = firestore/Info.plist;
				INFOPLIST_KEY_UIApplicationSupportsIndirectInputEvents = YES;
				INFOPLIST_KEY_UILaunchStoryboardName = LaunchScreen;
				INFOPLIST_KEY_UIMainStoryboardFile = Main;
				INFOPLIST_KEY_UISupportedInterfaceOrientations_iPad = "UIInterfaceOrientationPortrait UIInterfaceOrientationPortraitUpsideDown UIInterfaceOrientationLandscapeLeft UIInterfaceOrientationLandscapeRight";
				INFOPLIST_KEY_UISupportedInterfaceOrientations_iPhone = "UIInterfaceOrientationPortrait UIInterfaceOrientationLandscapeLeft UIInterfaceOrientationLandscapeRight";
				IPHONEOS_DEPLOYMENT_TARGET = 15.5;
				LD_RUNPATH_SEARCH_PATHS = (
					"$(inherited)",
					"@executable_path/Frameworks",
				);
				MARKETING_VERSION = 1.0;
				PRODUCT_BUNDLE_IDENTIFIER = yizi.firestore;
				PRODUCT_NAME = "$(TARGET_NAME)";
				SWIFT_EMIT_LOC_STRINGS = YES;
				SWIFT_VERSION = 5.0;
				TARGETED_DEVICE_FAMILY = "1,2";
			};
			name = Debug;
		};
		781198B12882E7F50074750C /* Release */ = {
			isa = XCBuildConfiguration;
			buildSettings = {
				ASSETCATALOG_COMPILER_APPICON_NAME = AppIcon;
				ASSETCATALOG_COMPILER_GLOBAL_ACCENT_COLOR_NAME = AccentColor;
				CODE_SIGN_STYLE = Automatic;
				CURRENT_PROJECT_VERSION = 1;
				DEVELOPMENT_TEAM = D2DRA3F792;
				GENERATE_INFOPLIST_FILE = YES;
				INFOPLIST_FILE = firestore/Info.plist;
				INFOPLIST_KEY_UIApplicationSupportsIndirectInputEvents = YES;
				INFOPLIST_KEY_UILaunchStoryboardName = LaunchScreen;
				INFOPLIST_KEY_UIMainStoryboardFile = Main;
				INFOPLIST_KEY_UISupportedInterfaceOrientations_iPad = "UIInterfaceOrientationPortrait UIInterfaceOrientationPortraitUpsideDown UIInterfaceOrientationLandscapeLeft UIInterfaceOrientationLandscapeRight";
				INFOPLIST_KEY_UISupportedInterfaceOrientations_iPhone = "UIInterfaceOrientationPortrait UIInterfaceOrientationLandscapeLeft UIInterfaceOrientationLandscapeRight";
				IPHONEOS_DEPLOYMENT_TARGET = 15.5;
				LD_RUNPATH_SEARCH_PATHS = (
					"$(inherited)",
					"@executable_path/Frameworks",
				);
				MARKETING_VERSION = 1.0;
				PRODUCT_BUNDLE_IDENTIFIER = yizi.firestore;
				PRODUCT_NAME = "$(TARGET_NAME)";
				SWIFT_EMIT_LOC_STRINGS = YES;
				SWIFT_VERSION = 5.0;
				TARGETED_DEVICE_FAMILY = "1,2";
			};
			name = Release;
		};
/* End XCBuildConfiguration section */

/* Begin XCConfigurationList section */
		781198962882E7F40074750C /* Build configuration list for PBXProject "firestore" */ = {
			isa = XCConfigurationList;
			buildConfigurations = (
				781198AD2882E7F50074750C /* Debug */,
				781198AE2882E7F50074750C /* Release */,
			);
			defaultConfigurationIsVisible = 0;
			defaultConfigurationName = Release;
		};
		781198AF2882E7F50074750C /* Build configuration list for PBXNativeTarget "firestore" */ = {
			isa = XCConfigurationList;
			buildConfigurations = (
				781198B02882E7F50074750C /* Debug */,
				781198B12882E7F50074750C /* Release */,
			);
			defaultConfigurationIsVisible = 0;
			defaultConfigurationName = Release;
		};
/* End XCConfigurationList section */

/* Begin XCRemoteSwiftPackageReference section */
		78114932288588D000AA7958 /* XCRemoteSwiftPackageReference "firebase-ios-sdk" */ = {
			isa = XCRemoteSwiftPackageReference;
			repositoryURL = "https://github.com/firebase/firebase-ios-sdk";
			requirement = {
				kind = upToNextMajorVersion;
				minimumVersion = 9.0.0;
			};
		};
		78114933288588F400AA7958 /* XCRemoteSwiftPackageReference "firebase-ios-sdk" */ = {
			isa = XCRemoteSwiftPackageReference;
			repositoryURL = "https://github.com/firebase/firebase-ios-sdk";
			requirement = {
				kind = upToNextMajorVersion;
				minimumVersion = 9.0.0;
			};
		};
		781149762885C7E200AA7958 /* XCRemoteSwiftPackageReference "firebase-ios-sdk" */ = {
			isa = XCRemoteSwiftPackageReference;
			repositoryURL = "https://github.com/firebase/firebase-ios-sdk";
			requirement = {
				kind = upToNextMajorVersion;
				minimumVersion = 9.0.0;
			};
		};
		781198B42882E8C60074750C /* XCRemoteSwiftPackageReference "firebase-ios-sdk" */ = {
			isa = XCRemoteSwiftPackageReference;
			repositoryURL = "https://github.com/firebase/firebase-ios-sdk";
			requirement = {
				kind = upToNextMajorVersion;
				minimumVersion = 9.0.0;
			};
		};
		781198BD2882E8FA0074750C /* XCRemoteSwiftPackageReference "firebase-ios-sdk" */ = {
			isa = XCRemoteSwiftPackageReference;
			repositoryURL = "https://github.com/firebase/firebase-ios-sdk";
			requirement = {
				branch = master;
				kind = branch;
			};
		};
/* End XCRemoteSwiftPackageReference section */

/* Begin XCSwiftPackageProductDependency section */
		781149772885C7E200AA7958 /* FirebaseFirestore */ = {
			isa = XCSwiftPackageProductDependency;
			package = 781198B42882E8C60074750C /* XCRemoteSwiftPackageReference "firebase-ios-sdk" */;
			productName = FirebaseFirestore;
		};
		781198B52882E8C70074750C /* FirebaseDatabase */ = {
			isa = XCSwiftPackageProductDependency;
			package = 781198B42882E8C60074750C /* XCRemoteSwiftPackageReference "firebase-ios-sdk" */;
			productName = FirebaseDatabase;
		};
		781198B72882E8C70074750C /* FirebaseDatabaseSwift */ = {
			isa = XCSwiftPackageProductDependency;
			package = 781198B42882E8C60074750C /* XCRemoteSwiftPackageReference "firebase-ios-sdk" */;
			productName = FirebaseDatabaseSwift;
		};
		781198B92882E8C70074750C /* FirebaseFirestore */ = {
			isa = XCSwiftPackageProductDependency;
			package = 781198B42882E8C60074750C /* XCRemoteSwiftPackageReference "firebase-ios-sdk" */;
			productName = FirebaseFirestore;
		};
		781198BB2882E8C70074750C /* FirebaseFirestoreSwift */ = {
			isa = XCSwiftPackageProductDependency;
			package = 781198B42882E8C60074750C /* XCRemoteSwiftPackageReference "firebase-ios-sdk" */;
			productName = FirebaseFirestoreSwift;
		};
		781198BE2882E8FA0074750C /* FirebaseAnalytics */ = {
			isa = XCSwiftPackageProductDependency;
			package = 781198BD2882E8FA0074750C /* XCRemoteSwiftPackageReference "firebase-ios-sdk" */;
			productName = FirebaseAnalytics;
		};
		781198C02882E8FA0074750C /* FirebaseAnalyticsOnDeviceConversion */ = {
			isa = XCSwiftPackageProductDependency;
			package = 781198BD2882E8FA0074750C /* XCRemoteSwiftPackageReference "firebase-ios-sdk" */;
			productName = FirebaseAnalyticsOnDeviceConversion;
		};
		781198C22882E8FA0074750C /* FirebaseAnalyticsSwift */ = {
			isa = XCSwiftPackageProductDependency;
			package = 781198BD2882E8FA0074750C /* XCRemoteSwiftPackageReference "firebase-ios-sdk" */;
			productName = FirebaseAnalyticsSwift;
		};
/* End XCSwiftPackageProductDependency section */
	};
	rootObject = 781198932882E7F40074750C /* Project object */;
}
